// !$*UTF8*$!
{
	archiveVersion = 1;
	classes = {
	};
	objectVersion = 46;
	objects = {

/* Begin PBXBuildFile section */
		977D97F71CAEA35700AD9EF8 /* AppDelegate.swift in Sources */ = {isa = PBXBuildFile; fileRef = 977D97F61CAEA35700AD9EF8 /* AppDelegate.swift */; };
		977D97F91CAEA35700AD9EF8 /* RootViewController.swift in Sources */ = {isa = PBXBuildFile; fileRef = 977D97F81CAEA35700AD9EF8 /* RootViewController.swift */; };
		977D97FC1CAEA35700AD9EF8 /* Main.storyboard in Resources */ = {isa = PBXBuildFile; fileRef = 977D97FA1CAEA35700AD9EF8 /* Main.storyboard */; };
		977D97FE1CAEA35700AD9EF8 /* Assets.xcassets in Resources */ = {isa = PBXBuildFile; fileRef = 977D97FD1CAEA35700AD9EF8 /* Assets.xcassets */; };
		977D98011CAEA35700AD9EF8 /* LaunchScreen.storyboard in Resources */ = {isa = PBXBuildFile; fileRef = 977D97FF1CAEA35700AD9EF8 /* LaunchScreen.storyboard */; };
		977D98091CAF2D6800AD9EF8 /* MenuViewController.swift in Sources */ = {isa = PBXBuildFile; fileRef = 977D98081CAF2D6800AD9EF8 /* MenuViewController.swift */; };
		977D980B1CAF30E300AD9EF8 /* PrepareViewController.swift in Sources */ = {isa = PBXBuildFile; fileRef = 977D980A1CAF30E300AD9EF8 /* PrepareViewController.swift */; };
		977D980D1CAF330E00AD9EF8 /* PlayViewController.swift in Sources */ = {isa = PBXBuildFile; fileRef = 977D980C1CAF330E00AD9EF8 /* PlayViewController.swift */; };
		9787AEC01D632491001640F7 /* DiceScene.swift in Sources */ = {isa = PBXBuildFile; fileRef = 9787AEBF1D632491001640F7 /* DiceScene.swift */; };
		9787AEC31D632670001640F7 /* 1.png in Resources */ = {isa = PBXBuildFile; fileRef = 9787AEC21D632670001640F7 /* 1.png */; };
		9787AEC91D6329C0001640F7 /* 2.png in Resources */ = {isa = PBXBuildFile; fileRef = 9787AEC41D6329C0001640F7 /* 2.png */; };
		9787AECA1D6329C0001640F7 /* 3.png in Resources */ = {isa = PBXBuildFile; fileRef = 9787AEC51D6329C0001640F7 /* 3.png */; };
		9787AECB1D6329C0001640F7 /* 4.png in Resources */ = {isa = PBXBuildFile; fileRef = 9787AEC61D6329C0001640F7 /* 4.png */; };
		9787AECC1D6329C0001640F7 /* 5.png in Resources */ = {isa = PBXBuildFile; fileRef = 9787AEC71D6329C0001640F7 /* 5.png */; };
		9787AECD1D6329C0001640F7 /* 6.png in Resources */ = {isa = PBXBuildFile; fileRef = 9787AEC81D6329C0001640F7 /* 6.png */; };
		9787AECF1D6330E3001640F7 /* Game.swift in Sources */ = {isa = PBXBuildFile; fileRef = 9787AECE1D6330E3001640F7 /* Game.swift */; };
		97C4EF521D6673BB00A1E7CD /* 6.m4a in Resources */ = {isa = PBXBuildFile; fileRef = 97C4EF511D66738600A1E7CD /* 6.m4a */; };
		97C4EF561D67A36C00A1E7CD /* PlaySection.swift in Sources */ = {isa = PBXBuildFile; fileRef = 97C4EF551D67A36C00A1E7CD /* PlaySection.swift */; };
		97C4EF581D67C8EE00A1E7CD /* GameTableView.swift in Sources */ = {isa = PBXBuildFile; fileRef = 97C4EF571D67C8EE00A1E7CD /* GameTableView.swift */; };
		97C4EF5A1D67DD0A00A1E7CD /* UIColorExt.swift in Sources */ = {isa = PBXBuildFile; fileRef = 97C4EF591D67DD0A00A1E7CD /* UIColorExt.swift */; };
		97C4EF5C1D68DAA600A1E7CD /* Helper.swift in Sources */ = {isa = PBXBuildFile; fileRef = 97C4EF5B1D68DAA600A1E7CD /* Helper.swift */; };
		97C4EF5E1D68DB4800A1E7CD /* NotificationName.swift in Sources */ = {isa = PBXBuildFile; fileRef = 97C4EF5D1D68DB4800A1E7CD /* NotificationName.swift */; };
		97C4EF601D699D7B00A1E7CD /* UIImageExt.swift in Sources */ = {isa = PBXBuildFile; fileRef = 97C4EF5F1D699D7B00A1E7CD /* UIImageExt.swift */; };
/* End PBXBuildFile section */

/* Begin PBXFileReference section */
		977D97F31CAEA35700AD9EF8 /* Yamb.app */ = {isa = PBXFileReference; explicitFileType = wrapper.application; includeInIndex = 0; path = Yamb.app; sourceTree = BUILT_PRODUCTS_DIR; };
		977D97F61CAEA35700AD9EF8 /* AppDelegate.swift */ = {isa = PBXFileReference; lastKnownFileType = sourcecode.swift; path = AppDelegate.swift; sourceTree = "<group>"; };
		977D97F81CAEA35700AD9EF8 /* RootViewController.swift */ = {isa = PBXFileReference; lastKnownFileType = sourcecode.swift; path = RootViewController.swift; sourceTree = "<group>"; };
		977D97FB1CAEA35700AD9EF8 /* Base */ = {isa = PBXFileReference; lastKnownFileType = file.storyboard; name = Base; path = Base.lproj/Main.storyboard; sourceTree = "<group>"; };
		977D97FD1CAEA35700AD9EF8 /* Assets.xcassets */ = {isa = PBXFileReference; lastKnownFileType = folder.assetcatalog; path = Assets.xcassets; sourceTree = "<group>"; };
		977D98001CAEA35700AD9EF8 /* Base */ = {isa = PBXFileReference; lastKnownFileType = file.storyboard; name = Base; path = Base.lproj/LaunchScreen.storyboard; sourceTree = "<group>"; };
		977D98021CAEA35700AD9EF8 /* Info.plist */ = {isa = PBXFileReference; lastKnownFileType = text.plist.xml; path = Info.plist; sourceTree = "<group>"; };
		977D98081CAF2D6800AD9EF8 /* MenuViewController.swift */ = {isa = PBXFileReference; fileEncoding = 4; lastKnownFileType = sourcecode.swift; path = MenuViewController.swift; sourceTree = "<group>"; };
		977D980A1CAF30E300AD9EF8 /* PrepareViewController.swift */ = {isa = PBXFileReference; fileEncoding = 4; lastKnownFileType = sourcecode.swift; path = PrepareViewController.swift; sourceTree = "<group>"; };
		977D980C1CAF330E00AD9EF8 /* PlayViewController.swift */ = {isa = PBXFileReference; fileEncoding = 4; lastKnownFileType = sourcecode.swift; path = PlayViewController.swift; sourceTree = "<group>"; };
		9787AEBF1D632491001640F7 /* DiceScene.swift */ = {isa = PBXFileReference; fileEncoding = 4; lastKnownFileType = sourcecode.swift; path = DiceScene.swift; sourceTree = "<group>"; };
		9787AEC21D632670001640F7 /* 1.png */ = {isa = PBXFileReference; lastKnownFileType = image.png; name = 1.png; path = Yamb/Resources/1.png; sourceTree = "<group>"; };
		9787AEC41D6329C0001640F7 /* 2.png */ = {isa = PBXFileReference; lastKnownFileType = image.png; name = 2.png; path = Yamb/Resources/2.png; sourceTree = "<group>"; };
		9787AEC51D6329C0001640F7 /* 3.png */ = {isa = PBXFileReference; lastKnownFileType = image.png; name = 3.png; path = Yamb/Resources/3.png; sourceTree = "<group>"; };
		9787AEC61D6329C0001640F7 /* 4.png */ = {isa = PBXFileReference; lastKnownFileType = image.png; name = 4.png; path = Yamb/Resources/4.png; sourceTree = "<group>"; };
		9787AEC71D6329C0001640F7 /* 5.png */ = {isa = PBXFileReference; lastKnownFileType = image.png; name = 5.png; path = Yamb/Resources/5.png; sourceTree = "<group>"; };
		9787AEC81D6329C0001640F7 /* 6.png */ = {isa = PBXFileReference; lastKnownFileType = image.png; name = 6.png; path = Yamb/Resources/6.png; sourceTree = "<group>"; };
		9787AECE1D6330E3001640F7 /* Game.swift */ = {isa = PBXFileReference; fileEncoding = 4; lastKnownFileType = sourcecode.swift; path = Game.swift; sourceTree = "<group>"; };
		97C4EF511D66738600A1E7CD /* 6.m4a */ = {isa = PBXFileReference; lastKnownFileType = file; path = 6.m4a; sourceTree = "<group>"; };
		97C4EF551D67A36C00A1E7CD /* PlaySection.swift */ = {isa = PBXFileReference; fileEncoding = 4; lastKnownFileType = sourcecode.swift; path = PlaySection.swift; sourceTree = "<group>"; };
		97C4EF571D67C8EE00A1E7CD /* GameTableView.swift */ = {isa = PBXFileReference; fileEncoding = 4; lastKnownFileType = sourcecode.swift; path = GameTableView.swift; sourceTree = "<group>"; };
		97C4EF591D67DD0A00A1E7CD /* UIColorExt.swift */ = {isa = PBXFileReference; fileEncoding = 4; lastKnownFileType = sourcecode.swift; path = UIColorExt.swift; sourceTree = "<group>"; };
		97C4EF5B1D68DAA600A1E7CD /* Helper.swift */ = {isa = PBXFileReference; fileEncoding = 4; lastKnownFileType = sourcecode.swift; path = Helper.swift; sourceTree = "<group>"; };
		97C4EF5D1D68DB4800A1E7CD /* NotificationName.swift */ = {isa = PBXFileReference; fileEncoding = 4; lastKnownFileType = sourcecode.swift; path = NotificationName.swift; sourceTree = "<group>"; };
		97C4EF5F1D699D7B00A1E7CD /* UIImageExt.swift */ = {isa = PBXFileReference; fileEncoding = 4; lastKnownFileType = sourcecode.swift; path = UIImageExt.swift; sourceTree = "<group>"; };
/* End PBXFileReference section */

/* Begin PBXFrameworksBuildPhase section */
		977D97F01CAEA35700AD9EF8 /* Frameworks */ = {
			isa = PBXFrameworksBuildPhase;
			buildActionMask = 2147483647;
			files = (
			);
			runOnlyForDeploymentPostprocessing = 0;
		};
/* End PBXFrameworksBuildPhase section */

/* Begin PBXGroup section */
		977D97EA1CAEA35700AD9EF8 = {
			isa = PBXGroup;
			children = (
				977D97F51CAEA35700AD9EF8 /* Yamb */,
				9787AEC11D632661001640F7 /* Resources */,
				977D97F41CAEA35700AD9EF8 /* Products */,
			);
			sourceTree = "<group>";
		};
		977D97F41CAEA35700AD9EF8 /* Products */ = {
			isa = PBXGroup;
			children = (
				977D97F31CAEA35700AD9EF8 /* Yamb.app */,
			);
			name = Products;
			sourceTree = "<group>";
		};
		977D97F51CAEA35700AD9EF8 /* Yamb */ = {
			isa = PBXGroup;
			children = (
				977D97FA1CAEA35700AD9EF8 /* Main.storyboard */,
				977D97F61CAEA35700AD9EF8 /* AppDelegate.swift */,
				977D97F81CAEA35700AD9EF8 /* RootViewController.swift */,
				977D97FD1CAEA35700AD9EF8 /* Assets.xcassets */,
				977D97FF1CAEA35700AD9EF8 /* LaunchScreen.storyboard */,
				977D98021CAEA35700AD9EF8 /* Info.plist */,
				977D98081CAF2D6800AD9EF8 /* MenuViewController.swift */,
				977D980A1CAF30E300AD9EF8 /* PrepareViewController.swift */,
				977D980C1CAF330E00AD9EF8 /* PlayViewController.swift */,
				9787AEBF1D632491001640F7 /* DiceScene.swift */,
				9787AECE1D6330E3001640F7 /* Game.swift */,
				97C4EF551D67A36C00A1E7CD /* PlaySection.swift */,
				97C4EF571D67C8EE00A1E7CD /* GameTableView.swift */,
				97C4EF591D67DD0A00A1E7CD /* UIColorExt.swift */,
				97C4EF5B1D68DAA600A1E7CD /* Helper.swift */,
				97C4EF5D1D68DB4800A1E7CD /* NotificationName.swift */,
				97C4EF5F1D699D7B00A1E7CD /* UIImageExt.swift */,
			);
			path = Yamb;
			sourceTree = "<group>";
		};
		9787AEC11D632661001640F7 /* Resources */ = {
			isa = PBXGroup;
			children = (
				97C4EF511D66738600A1E7CD /* 6.m4a */,
				9787AEC21D632670001640F7 /* 1.png */,
				9787AEC41D6329C0001640F7 /* 2.png */,
				9787AEC51D6329C0001640F7 /* 3.png */,
				9787AEC61D6329C0001640F7 /* 4.png */,
				9787AEC71D6329C0001640F7 /* 5.png */,
				9787AEC81D6329C0001640F7 /* 6.png */,
			);
			name = Resources;
			sourceTree = "<group>";
		};
/* End PBXGroup section */

/* Begin PBXNativeTarget section */
		977D97F21CAEA35700AD9EF8 /* Yamb */ = {
			isa = PBXNativeTarget;
			buildConfigurationList = 977D98051CAEA35700AD9EF8 /* Build configuration list for PBXNativeTarget "Yamb" */;
			buildPhases = (
				977D97EF1CAEA35700AD9EF8 /* Sources */,
				977D97F01CAEA35700AD9EF8 /* Frameworks */,
				977D97F11CAEA35700AD9EF8 /* Resources */,
			);
			buildRules = (
			);
			dependencies = (
			);
			name = Yamb;
			productName = Yamb;
			productReference = 977D97F31CAEA35700AD9EF8 /* Yamb.app */;
			productType = "com.apple.product-type.application";
		};
/* End PBXNativeTarget section */

/* Begin PBXProject section */
		977D97EB1CAEA35700AD9EF8 /* Project object */ = {
			isa = PBXProject;
			attributes = {
				LastSwiftUpdateCheck = 0730;
				LastUpgradeCheck = 0730;
				ORGANIZATIONNAME = 100kas;
				TargetAttributes = {
					977D97F21CAEA35700AD9EF8 = {
						CreatedOnToolsVersion = 7.3;
						DevelopmentTeam = X5F8D2MNQ7;
					};
				};
			};
			buildConfigurationList = 977D97EE1CAEA35700AD9EF8 /* Build configuration list for PBXProject "Yamb" */;
			compatibilityVersion = "Xcode 3.2";
			developmentRegion = English;
			hasScannedForEncodings = 0;
			knownRegions = (
				en,
				Base,
			);
			mainGroup = 977D97EA1CAEA35700AD9EF8;
			productRefGroup = 977D97F41CAEA35700AD9EF8 /* Products */;
			projectDirPath = "";
			projectRoot = "";
			targets = (
				977D97F21CAEA35700AD9EF8 /* Yamb */,
			);
		};
/* End PBXProject section */

/* Begin PBXResourcesBuildPhase section */
		977D97F11CAEA35700AD9EF8 /* Resources */ = {
			isa = PBXResourcesBuildPhase;
			buildActionMask = 2147483647;
			files = (
				97C4EF521D6673BB00A1E7CD /* 6.m4a in Resources */,
				977D98011CAEA35700AD9EF8 /* LaunchScreen.storyboard in Resources */,
				9787AECB1D6329C0001640F7 /* 4.png in Resources */,
				9787AEC31D632670001640F7 /* 1.png in Resources */,
				9787AECD1D6329C0001640F7 /* 6.png in Resources */,
				9787AEC91D6329C0001640F7 /* 2.png in Resources */,
				9787AECA1D6329C0001640F7 /* 3.png in Resources */,
				9787AECC1D6329C0001640F7 /* 5.png in Resources */,
				977D97FE1CAEA35700AD9EF8 /* Assets.xcassets in Resources */,
				977D97FC1CAEA35700AD9EF8 /* Main.storyboard in Resources */,
			);
			runOnlyForDeploymentPostprocessing = 0;
		};
/* End PBXResourcesBuildPhase section */

/* Begin PBXSourcesBuildPhase section */
		977D97EF1CAEA35700AD9EF8 /* Sources */ = {
			isa = PBXSourcesBuildPhase;
			buildActionMask = 2147483647;
			files = (
				97C4EF5C1D68DAA600A1E7CD /* Helper.swift in Sources */,
				97C4EF5E1D68DB4800A1E7CD /* NotificationName.swift in Sources */,
				977D980B1CAF30E300AD9EF8 /* PrepareViewController.swift in Sources */,
				9787AEC01D632491001640F7 /* DiceScene.swift in Sources */,
				977D980D1CAF330E00AD9EF8 /* PlayViewController.swift in Sources */,
				977D97F91CAEA35700AD9EF8 /* RootViewController.swift in Sources */,
				97C4EF5A1D67DD0A00A1E7CD /* UIColorExt.swift in Sources */,
				9787AECF1D6330E3001640F7 /* Game.swift in Sources */,
				97C4EF601D699D7B00A1E7CD /* UIImageExt.swift in Sources */,
				977D98091CAF2D6800AD9EF8 /* MenuViewController.swift in Sources */,
				977D97F71CAEA35700AD9EF8 /* AppDelegate.swift in Sources */,
				97C4EF561D67A36C00A1E7CD /* PlaySection.swift in Sources */,
				97C4EF581D67C8EE00A1E7CD /* GameTableView.swift in Sources */,
			);
			runOnlyForDeploymentPostprocessing = 0;
		};
/* End PBXSourcesBuildPhase section */

/* Begin PBXVariantGroup section */
		977D97FA1CAEA35700AD9EF8 /* Main.storyboard */ = {
			isa = PBXVariantGroup;
			children = (
				977D97FB1CAEA35700AD9EF8 /* Base */,
			);
			name = Main.storyboard;
			sourceTree = "<group>";
		};
		977D97FF1CAEA35700AD9EF8 /* LaunchScreen.storyboard */ = {
			isa = PBXVariantGroup;
			children = (
				977D98001CAEA35700AD9EF8 /* Base */,
			);
			name = LaunchScreen.storyboard;
			sourceTree = "<group>";
		};
/* End PBXVariantGroup section */

/* Begin XCBuildConfiguration section */
		977D98031CAEA35700AD9EF8 /* Debug */ = {
			isa = XCBuildConfiguration;
			buildSettings = {
				ALWAYS_SEARCH_USER_PATHS = NO;
				CLANG_ANALYZER_NONNULL = YES;
				CLANG_CXX_LANGUAGE_STANDARD = "gnu++0x";
				CLANG_CXX_LIBRARY = "libc++";
				CLANG_ENABLE_MODULES = YES;
				CLANG_ENABLE_OBJC_ARC = YES;
				CLANG_WARN_BOOL_CONVERSION = YES;
				CLANG_WARN_CONSTANT_CONVERSION = YES;
				CLANG_WARN_DIRECT_OBJC_ISA_USAGE = YES_ERROR;
				CLANG_WARN_EMPTY_BODY = YES;
				CLANG_WARN_ENUM_CONVERSION = YES;
				CLANG_WARN_INT_CONVERSION = YES;
				CLANG_WARN_OBJC_ROOT_CLASS = YES_ERROR;
				CLANG_WARN_UNREACHABLE_CODE = YES;
				CLANG_WARN__DUPLICATE_METHOD_MATCH = YES;
				"CODE_SIGN_IDENTITY[sdk=iphoneos*]" = "iPhone Developer";
				COPY_PHASE_STRIP = NO;
				DEBUG_INFORMATION_FORMAT = dwarf;
				ENABLE_STRICT_OBJC_MSGSEND = YES;
				ENABLE_TESTABILITY = YES;
				GCC_C_LANGUAGE_STANDARD = gnu99;
				GCC_DYNAMIC_NO_PIC = NO;
				GCC_NO_COMMON_BLOCKS = YES;
				GCC_OPTIMIZATION_LEVEL = 0;
				GCC_PREPROCESSOR_DEFINITIONS = (
					"DEBUG=1",
					"$(inherited)",
				);
				GCC_WARN_64_TO_32_BIT_CONVERSION = YES;
				GCC_WARN_ABOUT_RETURN_TYPE = YES_ERROR;
				GCC_WARN_UNDECLARED_SELECTOR = YES;
				GCC_WARN_UNINITIALIZED_AUTOS = YES_AGGRESSIVE;
				GCC_WARN_UNUSED_FUNCTION = YES;
				GCC_WARN_UNUSED_VARIABLE = YES;
				IPHONEOS_DEPLOYMENT_TARGET = 9.3;
				MTL_ENABLE_DEBUG_INFO = YES;
				ONLY_ACTIVE_ARCH = YES;
				SDKROOT = iphoneos;
				SWIFT_OPTIMIZATION_LEVEL = "-Onone";
				TARGETED_DEVICE_FAMILY = "1,2";
			};
			name = Debug;
		};
		977D98041CAEA35700AD9EF8 /* Release */ = {
			isa = XCBuildConfiguration;
			buildSettings = {
				ALWAYS_SEARCH_USER_PATHS = NO;
				CLANG_ANALYZER_NONNULL = YES;
				CLANG_CXX_LANGUAGE_STANDARD = "gnu++0x";
				CLANG_CXX_LIBRARY = "libc++";
				CLANG_ENABLE_MODULES = YES;
				CLANG_ENABLE_OBJC_ARC = YES;
				CLANG_WARN_BOOL_CONVERSION = YES;
				CLANG_WARN_CONSTANT_CONVERSION = YES;
				CLANG_WARN_DIRECT_OBJC_ISA_USAGE = YES_ERROR;
				CLANG_WARN_EMPTY_BODY = YES;
				CLANG_WARN_ENUM_CONVERSION = YES;
				CLANG_WARN_INT_CONVERSION = YES;
				CLANG_WARN_OBJC_ROOT_CLASS = YES_ERROR;
				CLANG_WARN_UNREACHABLE_CODE = YES;
				CLANG_WARN__DUPLICATE_METHOD_MATCH = YES;
				"CODE_SIGN_IDENTITY[sdk=iphoneos*]" = "iPhone Developer";
				COPY_PHASE_STRIP = NO;
				DEBUG_INFORMATION_FORMAT = "dwarf-with-dsym";
				ENABLE_NS_ASSERTIONS = NO;
				ENABLE_STRICT_OBJC_MSGSEND = YES;
				GCC_C_LANGUAGE_STANDARD = gnu99;
				GCC_NO_COMMON_BLOCKS = YES;
				GCC_WARN_64_TO_32_BIT_CONVERSION = YES;
				GCC_WARN_ABOUT_RETURN_TYPE = YES_ERROR;
				GCC_WARN_UNDECLARED_SELECTOR = YES;
				GCC_WARN_UNINITIALIZED_AUTOS = YES_AGGRESSIVE;
				GCC_WARN_UNUSED_FUNCTION = YES;
				GCC_WARN_UNUSED_VARIABLE = YES;
				IPHONEOS_DEPLOYMENT_TARGET = 9.3;
				MTL_ENABLE_DEBUG_INFO = NO;
				SDKROOT = iphoneos;
				TARGETED_DEVICE_FAMILY = "1,2";
				VALIDATE_PRODUCT = YES;
			};
			name = Release;
		};
		977D98061CAEA35700AD9EF8 /* Debug */ = {
			isa = XCBuildConfiguration;
			buildSettings = {
				ASSETCATALOG_COMPILER_APPICON_NAME = AppIcon;
				CODE_SIGN_IDENTITY = "iPhone Developer";
				"CODE_SIGN_IDENTITY[sdk=iphoneos*]" = "iPhone Developer";
				INFOPLIST_FILE = Yamb/Info.plist;
				IPHONEOS_DEPLOYMENT_TARGET = 8.0;
				LD_RUNPATH_SEARCH_PATHS = "$(inherited) @executable_path/Frameworks";
				PRODUCT_BUNDLE_IDENTIFIER = ZD994VL69L.prcela;
				PRODUCT_NAME = "$(TARGET_NAME)";
				PROVISIONING_PROFILE = "";
			};
			name = Debug;
		};
		977D98071CAEA35700AD9EF8 /* Release */ = {
			isa = XCBuildConfiguration;
			buildSettings = {
				ASSETCATALOG_COMPILER_APPICON_NAME = AppIcon;
				CODE_SIGN_IDENTITY = "iPhone Developer";
				"CODE_SIGN_IDENTITY[sdk=iphoneos*]" = "iPhone Developer";
				INFOPLIST_FILE = Yamb/Info.plist;
				IPHONEOS_DEPLOYMENT_TARGET = 8.0;
				LD_RUNPATH_SEARCH_PATHS = "$(inherited) @executable_path/Frameworks";
				PRODUCT_BUNDLE_IDENTIFIER = ZD994VL69L.prcela;
				PRODUCT_NAME = "$(TARGET_NAME)";
				PROVISIONING_PROFILE = "";
			};
			name = Release;
		};
/* End XCBuildConfiguration section */

/* Begin XCConfigurationList section */
		977D97EE1CAEA35700AD9EF8 /* Build configuration list for PBXProject "Yamb" */ = {
			isa = XCConfigurationList;
			buildConfigurations = (
				977D98031CAEA35700AD9EF8 /* Debug */,
				977D98041CAEA35700AD9EF8 /* Release */,
			);
			defaultConfigurationIsVisible = 0;
			defaultConfigurationName = Release;
		};
		977D98051CAEA35700AD9EF8 /* Build configuration list for PBXNativeTarget "Yamb" */ = {
			isa = XCConfigurationList;
			buildConfigurations = (
				977D98061CAEA35700AD9EF8 /* Debug */,
				977D98071CAEA35700AD9EF8 /* Release */,
			);
			defaultConfigurationIsVisible = 0;
			defaultConfigurationName = Release;
		};
/* End XCConfigurationList section */
	};
	rootObject = 977D97EB1CAEA35700AD9EF8 /* Project object */;
}
